
Microsoft Visual Studio Solution File, Format Version 12.00
# Visual Studio Version 17
VisualStudioVersion = 17.0.31903.59
MinimumVisualStudioVersion = 10.0.40219.1
Project("{FAE04EC0-301F-11D3-BF4B-00C04F79EFBC}") = "Coverage.API", "Coverage.API\Coverage.API.csproj", "{2FACF6FD-0B6F-4643-9BE3-DB4BADFFA78F}"
EndProject
Project("{FAE04EC0-301F-11D3-BF4B-00C04F79EFBC}") = "Coverage.Application", "Coverage.Application\Coverage.Application.csproj", "{462E2B44-19C5-48DD-ACB7-0430BCD0998E}"
EndProject
Project("{FAE04EC0-301F-11D3-BF4B-00C04F79EFBC}") = "Coverage.Domain", "Coverage.Domain\Coverage.Domain.csproj", "{DDA074F4-0E10-48B3-8F4B-B46164122C29}"
EndProject
Project("{FAE04EC0-301F-11D3-BF4B-00C04F79EFBC}") = "Coverage.Infrastructure", "Coverage.Infrastructure\Coverage.Infrastructure.csproj", "{596A13A9-D723-4219-BEF1-01E78A1F5BBE}"
EndProject
Global
	GlobalSection(SolutionConfigurationPlatforms) = preSolution
		Debug|Any CPU = Debug|Any CPU
		Debug|x64 = Debug|x64
		Debug|x86 = Debug|x86
		Release|Any CPU = Release|Any CPU
		Release|x64 = Release|x64
		Release|x86 = Release|x86
	EndGlobalSection
	GlobalSection(ProjectConfigurationPlatforms) = postSolution
		{2FACF6FD-0B6F-4643-9BE3-DB4BADFFA78F}.Debug|Any CPU.ActiveCfg = Debug|Any CPU
		{2FACF6FD-0B6F-4643-9BE3-DB4BADFFA78F}.Debug|Any CPU.Build.0 = Debug|Any CPU
		{2FACF6FD-0B6F-4643-9BE3-DB4BADFFA78F}.Debug|x64.ActiveCfg = Debug|Any CPU
		{2FACF6FD-0B6F-4643-9BE3-DB4BADFFA78F}.Debug|x64.Build.0 = Debug|Any CPU
		{2FACF6FD-0B6F-4643-9BE3-DB4BADFFA78F}.Debug|x86.ActiveCfg = Debug|Any CPU
		{2FACF6FD-0B6F-4643-9BE3-DB4BADFFA78F}.Debug|x86.Build.0 = Debug|Any CPU
		{2FACF6FD-0B6F-4643-9BE3-DB4BADFFA78F}.Release|Any CPU.ActiveCfg = Release|Any CPU
		{2FACF6FD-0B6F-4643-9BE3-DB4BADFFA78F}.Release|Any CPU.Build.0 = Release|Any CPU
		{2FACF6FD-0B6F-4643-9BE3-DB4BADFFA78F}.Release|x64.ActiveCfg = Release|Any CPU
		{2FACF6FD-0B6F-4643-9BE3-DB4BADFFA78F}.Release|x64.Build.0 = Release|Any CPU
		{2FACF6FD-0B6F-4643-9BE3-DB4BADFFA78F}.Release|x86.ActiveCfg = Release|Any CPU
		{2FACF6FD-0B6F-4643-9BE3-DB4BADFFA78F}.Release|x86.Build.0 = Release|Any CPU
		{462E2B44-19C5-48DD-ACB7-0430BCD0998E}.Debug|Any CPU.ActiveCfg = Debug|Any CPU
		{462E2B44-19C5-48DD-ACB7-0430BCD0998E}.Debug|Any CPU.Build.0 = Debug|Any CPU
		{462E2B44-19C5-48DD-ACB7-0430BCD0998E}.Debug|x64.ActiveCfg = Debug|Any CPU
		{462E2B44-19C5-48DD-ACB7-0430BCD0998E}.Debug|x64.Build.0 = Debug|Any CPU
		{462E2B44-19C5-48DD-ACB7-0430BCD0998E}.Debug|x86.ActiveCfg = Debug|Any CPU
		{462E2B44-19C5-48DD-ACB7-0430BCD0998E}.Debug|x86.Build.0 = Debug|Any CPU
		{462E2B44-19C5-48DD-ACB7-0430BCD0998E}.Release|Any CPU.ActiveCfg = Release|Any CPU
		{462E2B44-19C5-48DD-ACB7-0430BCD0998E}.Release|Any CPU.Build.0 = Release|Any CPU
		{462E2B44-19C5-48DD-ACB7-0430BCD0998E}.Release|x64.ActiveCfg = Release|Any CPU
		{462E2B44-19C5-48DD-ACB7-0430BCD0998E}.Release|x64.Build.0 = Release|Any CPU
		{462E2B44-19C5-48DD-ACB7-0430BCD0998E}.Release|x86.ActiveCfg = Release|Any CPU
		{462E2B44-19C5-48DD-ACB7-0430BCD0998E}.Release|x86.Build.0 = Release|Any CPU
		{DDA074F4-0E10-48B3-8F4B-B46164122C29}.Debug|Any CPU.ActiveCfg = Debug|Any CPU
		{DDA074F4-0E10-48B3-8F4B-B46164122C29}.Debug|Any CPU.Build.0 = Debug|Any CPU
		{DDA074F4-0E10-48B3-8F4B-B46164122C29}.Debug|x64.ActiveCfg = Debug|Any CPU
		{DDA074F4-0E10-48B3-8F4B-B46164122C29}.Debug|x64.Build.0 = Debug|Any CPU
		{DDA074F4-0E10-48B3-8F4B-B46164122C29}.Debug|x86.ActiveCfg = Debug|Any CPU
		{DDA074F4-0E10-48B3-8F4B-B46164122C29}.Debug|x86.Build.0 = Debug|Any CPU
		{DDA074F4-0E10-48B3-8F4B-B46164122C29}.Release|Any CPU.ActiveCfg = Release|Any CPU
		{DDA074F4-0E10-48B3-8F4B-B46164122C29}.Release|Any CPU.Build.0 = Release|Any CPU
		{DDA074F4-0E10-48B3-8F4B-B46164122C29}.Release|x64.ActiveCfg = Release|Any CPU
		{DDA074F4-0E10-48B3-8F4B-B46164122C29}.Release|x64.Build.0 = Release|Any CPU
		{DDA074F4-0E10-48B3-8F4B-B46164122C29}.Release|x86.ActiveCfg = Release|Any CPU
		{DDA074F4-0E10-48B3-8F4B-B46164122C29}.Release|x86.Build.0 = Release|Any CPU
		{596A13A9-D723-4219-BEF1-01E78A1F5BBE}.Debug|Any CPU.ActiveCfg = Debug|Any CPU
		{596A13A9-D723-4219-BEF1-01E78A1F5BBE}.Debug|Any CPU.Build.0 = Debug|Any CPU
		{596A13A9-D723-4219-BEF1-01E78A1F5BBE}.Debug|x64.ActiveCfg = Debug|Any CPU
		{596A13A9-D723-4219-BEF1-01E78A1F5BBE}.Debug|x64.Build.0 = Debug|Any CPU
		{596A13A9-D723-4219-BEF1-01E78A1F5BBE}.Debug|x86.ActiveCfg = Debug|Any CPU
		{596A13A9-D723-4219-BEF1-01E78A1F5BBE}.Debug|x86.Build.0 = Debug|Any CPU
		{596A13A9-D723-4219-BEF1-01E78A1F5BBE}.Release|Any CPU.ActiveCfg = Release|Any CPU
		{596A13A9-D723-4219-BEF1-01E78A1F5BBE}.Release|Any CPU.Build.0 = Release|Any CPU
		{596A13A9-D723-4219-BEF1-01E78A1F5BBE}.Release|x64.ActiveCfg = Release|Any CPU
		{596A13A9-D723-4219-BEF1-01E78A1F5BBE}.Release|x64.Build.0 = Release|Any CPU
		{596A13A9-D723-4219-BEF1-01E78A1F5BBE}.Release|x86.ActiveCfg = Release|Any CPU
		{596A13A9-D723-4219-BEF1-01E78A1F5BBE}.Release|x86.Build.0 = Release|Any CPU
	EndGlobalSection
	GlobalSection(SolutionProperties) = preSolution
		HideSolutionNode = FALSE
	EndGlobalSection
EndGlobal
